
Microsoft Visual Studio Solution File, Format Version 12.00
# Visual Studio 15
VisualStudioVersion = 15.0.28307.106
MinimumVisualStudioVersion = 10.0.40219.1
Project("{FAE04EC0-301F-11D3-BF4B-00C04F79EFBC}") = "nanjira.web", "nanjira.web\nanjira.web.csproj", "{FB59FF69-514A-42CE-88F0-ED85C93C9C42}"
EndProject
Global
	GlobalSection(SolutionConfigurationPlatforms) = preSolution
		Debug|Any CPU = Debug|Any CPU
		Release|Any CPU = Release|Any CPU
	EndGlobalSection
	GlobalSection(ProjectConfigurationPlatforms) = postSolution
		{FB59FF69-514A-42CE-88F0-ED85C93C9C42}.Debug|Any CPU.ActiveCfg = Debug|Any CPU
		{FB59FF69-514A-42CE-88F0-ED85C93C9C42}.Debug|Any CPU.Build.0 = Debug|Any CPU
		{FB59FF69-514A-42CE-88F0-ED85C93C9C42}.Release|Any CPU.ActiveCfg = Release|Any CPU
		{FB59FF69-514A-42CE-88F0-ED85C93C9C42}.Release|Any CPU.Build.0 = Release|Any CPU
	EndGlobalSection
	GlobalSection(SolutionProperties) = preSolution
		HideSolutionNode = FALSE
	EndGlobalSection
	GlobalSection(ExtensibilityGlobals) = postSolution
		SolutionGuid = {FD8DA429-4DA5-4D35-AADA-6E8C8A4D02B2}
	EndGlobalSection
EndGlobal
